
Microsoft Visual Studio Solution File, Format Version 12.00
# Visual Studio 15
VisualStudioVersion = 15.0.26124.0
MinimumVisualStudioVersion = 15.0.26124.0
Project("{FAE04EC0-301F-11D3-BF4B-00C04F79EFBC}") = "Domain", "Domain\Domain.csproj", "{0F15567E-E88A-44B0-B285-12E331FEE8CE}"
EndProject
Project("{FAE04EC0-301F-11D3-BF4B-00C04F79EFBC}") = "Application", "Application\Application.csproj", "{443C9EBF-D9F8-4535-A947-C8E49CB61071}"
EndProject
Project("{FAE04EC0-301F-11D3-BF4B-00C04F79EFBC}") = "Persistence", "Persistence\Persistence.csproj", "{3B9791AA-B64D-461F-BB41-EA0749D0E42E}"
EndProject
Project("{FAE04EC0-301F-11D3-BF4B-00C04F79EFBC}") = "API", "API\API.csproj", "{6BEDFC72-9CC7-4DAB-AF0A-6FEA4EB04537}"
EndProject
Project("{FAE04EC0-301F-11D3-BF4B-00C04F79EFBC}") = "Infrastructure", "Infrastructure\Infrastructure.csproj", "{4E112FC2-C3D8-45E8-A244-F4A58E1C3DFE}"
EndProject
Global
	GlobalSection(SolutionConfigurationPlatforms) = preSolution
		Debug|Any CPU = Debug|Any CPU
		Debug|x64 = Debug|x64
		Debug|x86 = Debug|x86
		Release|Any CPU = Release|Any CPU
		Release|x64 = Release|x64
		Release|x86 = Release|x86
	EndGlobalSection
	GlobalSection(SolutionProperties) = preSolution
		HideSolutionNode = FALSE
	EndGlobalSection
	GlobalSection(ProjectConfigurationPlatforms) = postSolution
		{0F15567E-E88A-44B0-B285-12E331FEE8CE}.Debug|Any CPU.ActiveCfg = Debug|Any CPU
		{0F15567E-E88A-44B0-B285-12E331FEE8CE}.Debug|Any CPU.Build.0 = Debug|Any CPU
		{0F15567E-E88A-44B0-B285-12E331FEE8CE}.Debug|x64.ActiveCfg = Debug|Any CPU
		{0F15567E-E88A-44B0-B285-12E331FEE8CE}.Debug|x64.Build.0 = Debug|Any CPU
		{0F15567E-E88A-44B0-B285-12E331FEE8CE}.Debug|x86.ActiveCfg = Debug|Any CPU
		{0F15567E-E88A-44B0-B285-12E331FEE8CE}.Debug|x86.Build.0 = Debug|Any CPU
		{0F15567E-E88A-44B0-B285-12E331FEE8CE}.Release|Any CPU.ActiveCfg = Release|Any CPU
		{0F15567E-E88A-44B0-B285-12E331FEE8CE}.Release|Any CPU.Build.0 = Release|Any CPU
		{0F15567E-E88A-44B0-B285-12E331FEE8CE}.Release|x64.ActiveCfg = Release|Any CPU
		{0F15567E-E88A-44B0-B285-12E331FEE8CE}.Release|x64.Build.0 = Release|Any CPU
		{0F15567E-E88A-44B0-B285-12E331FEE8CE}.Release|x86.ActiveCfg = Release|Any CPU
		{0F15567E-E88A-44B0-B285-12E331FEE8CE}.Release|x86.Build.0 = Release|Any CPU
		{443C9EBF-D9F8-4535-A947-C8E49CB61071}.Debug|Any CPU.ActiveCfg = Debug|Any CPU
		{443C9EBF-D9F8-4535-A947-C8E49CB61071}.Debug|Any CPU.Build.0 = Debug|Any CPU
		{443C9EBF-D9F8-4535-A947-C8E49CB61071}.Debug|x64.ActiveCfg = Debug|Any CPU
		{443C9EBF-D9F8-4535-A947-C8E49CB61071}.Debug|x64.Build.0 = Debug|Any CPU
		{443C9EBF-D9F8-4535-A947-C8E49CB61071}.Debug|x86.ActiveCfg = Debug|Any CPU
		{443C9EBF-D9F8-4535-A947-C8E49CB61071}.Debug|x86.Build.0 = Debug|Any CPU
		{443C9EBF-D9F8-4535-A947-C8E49CB61071}.Release|Any CPU.ActiveCfg = Release|Any CPU
		{443C9EBF-D9F8-4535-A947-C8E49CB61071}.Release|Any CPU.Build.0 = Release|Any CPU
		{443C9EBF-D9F8-4535-A947-C8E49CB61071}.Release|x64.ActiveCfg = Release|Any CPU
		{443C9EBF-D9F8-4535-A947-C8E49CB61071}.Release|x64.Build.0 = Release|Any CPU
		{443C9EBF-D9F8-4535-A947-C8E49CB61071}.Release|x86.ActiveCfg = Release|Any CPU
		{443C9EBF-D9F8-4535-A947-C8E49CB61071}.Release|x86.Build.0 = Release|Any CPU
		{3B9791AA-B64D-461F-BB41-EA0749D0E42E}.Debug|Any CPU.ActiveCfg = Debug|Any CPU
		{3B9791AA-B64D-461F-BB41-EA0749D0E42E}.Debug|Any CPU.Build.0 = Debug|Any CPU
		{3B9791AA-B64D-461F-BB41-EA0749D0E42E}.Debug|x64.ActiveCfg = Debug|Any CPU
		{3B9791AA-B64D-461F-BB41-EA0749D0E42E}.Debug|x64.Build.0 = Debug|Any CPU
		{3B9791AA-B64D-461F-BB41-EA0749D0E42E}.Debug|x86.ActiveCfg = Debug|Any CPU
		{3B9791AA-B64D-461F-BB41-EA0749D0E42E}.Debug|x86.Build.0 = Debug|Any CPU
		{3B9791AA-B64D-461F-BB41-EA0749D0E42E}.Release|Any CPU.ActiveCfg = Release|Any CPU
		{3B9791AA-B64D-461F-BB41-EA0749D0E42E}.Release|Any CPU.Build.0 = Release|Any CPU
		{3B9791AA-B64D-461F-BB41-EA0749D0E42E}.Release|x64.ActiveCfg = Release|Any CPU
		{3B9791AA-B64D-461F-BB41-EA0749D0E42E}.Release|x64.Build.0 = Release|Any CPU
		{3B9791AA-B64D-461F-BB41-EA0749D0E42E}.Release|x86.ActiveCfg = Release|Any CPU
		{3B9791AA-B64D-461F-BB41-EA0749D0E42E}.Release|x86.Build.0 = Release|Any CPU
		{6BEDFC72-9CC7-4DAB-AF0A-6FEA4EB04537}.Debug|Any CPU.ActiveCfg = Debug|Any CPU
		{6BEDFC72-9CC7-4DAB-AF0A-6FEA4EB04537}.Debug|Any CPU.Build.0 = Debug|Any CPU
		{6BEDFC72-9CC7-4DAB-AF0A-6FEA4EB04537}.Debug|x64.ActiveCfg = Debug|Any CPU
		{6BEDFC72-9CC7-4DAB-AF0A-6FEA4EB04537}.Debug|x64.Build.0 = Debug|Any CPU
		{6BEDFC72-9CC7-4DAB-AF0A-6FEA4EB04537}.Debug|x86.ActiveCfg = Debug|Any CPU
		{6BEDFC72-9CC7-4DAB-AF0A-6FEA4EB04537}.Debug|x86.Build.0 = Debug|Any CPU
		{6BEDFC72-9CC7-4DAB-AF0A-6FEA4EB04537}.Release|Any CPU.ActiveCfg = Release|Any CPU
		{6BEDFC72-9CC7-4DAB-AF0A-6FEA4EB04537}.Release|Any CPU.Build.0 = Release|Any CPU
		{6BEDFC72-9CC7-4DAB-AF0A-6FEA4EB04537}.Release|x64.ActiveCfg = Release|Any CPU
		{6BEDFC72-9CC7-4DAB-AF0A-6FEA4EB04537}.Release|x64.Build.0 = Release|Any CPU
		{6BEDFC72-9CC7-4DAB-AF0A-6FEA4EB04537}.Release|x86.ActiveCfg = Release|Any CPU
		{6BEDFC72-9CC7-4DAB-AF0A-6FEA4EB04537}.Release|x86.Build.0 = Release|Any CPU
		{4E112FC2-C3D8-45E8-A244-F4A58E1C3DFE}.Debug|Any CPU.ActiveCfg = Debug|Any CPU
		{4E112FC2-C3D8-45E8-A244-F4A58E1C3DFE}.Debug|Any CPU.Build.0 = Debug|Any CPU
		{4E112FC2-C3D8-45E8-A244-F4A58E1C3DFE}.Debug|x64.ActiveCfg = Debug|Any CPU
		{4E112FC2-C3D8-45E8-A244-F4A58E1C3DFE}.Debug|x64.Build.0 = Debug|Any CPU
		{4E112FC2-C3D8-45E8-A244-F4A58E1C3DFE}.Debug|x86.ActiveCfg = Debug|Any CPU
		{4E112FC2-C3D8-45E8-A244-F4A58E1C3DFE}.Debug|x86.Build.0 = Debug|Any CPU
		{4E112FC2-C3D8-45E8-A244-F4A58E1C3DFE}.Release|Any CPU.ActiveCfg = Release|Any CPU
		{4E112FC2-C3D8-45E8-A244-F4A58E1C3DFE}.Release|Any CPU.Build.0 = Release|Any CPU
		{4E112FC2-C3D8-45E8-A244-F4A58E1C3DFE}.Release|x64.ActiveCfg = Release|Any CPU
		{4E112FC2-C3D8-45E8-A244-F4A58E1C3DFE}.Release|x64.Build.0 = Release|Any CPU
		{4E112FC2-C3D8-45E8-A244-F4A58E1C3DFE}.Release|x86.ActiveCfg = Release|Any CPU
		{4E112FC2-C3D8-45E8-A244-F4A58E1C3DFE}.Release|x86.Build.0 = Release|Any CPU
	EndGlobalSection
EndGlobal
